
Microsoft Visual Studio Solution File, Format Version 12.00
# Visual Studio 14
VisualStudioVersion = 14.0.25420.1
MinimumVisualStudioVersion = 10.0.40219.1
Project("{888888A0-9F3D-457C-B088-3A5042F75D52}") = "AISmartReader", "AISmartReader\AISmartReader.pyproj", "{5EB0590F-89E5-46E2-B6CE-59D52271D00C}"
EndProject
Project("{FAE04EC0-301F-11D3-BF4B-00C04F79EFBC}") = "WordNetPlugin", "WordNetPlugin\WordNetPlugin.csproj", "{D65CE07F-45EE-4C52-94EF-8FB44DF4AEAA}"
EndProject
Project("{FAE04EC0-301F-11D3-BF4B-00C04F79EFBC}") = "UserTest", "UserTest\UserTest.csproj", "{8FAAA8D6-E48A-4A48-BB7C-E044B9C18A3D}"
EndProject
Project("{BE0A4C86-FC82-4F70-8ED6-D24C8B13E7BF}") = "AISmartReaderNN", "AISmartReaderNN\AISmartReaderNN.javaproj", "{7301D29C-0C43-4648-A169-C6DF1339EE1C}"
EndProject
Project("{FAE04EC0-301F-11D3-BF4B-00C04F79EFBC}") = "AISmartReaderLibrary", "AISmartReaderLibrary\AISmartReaderLibrary.csproj", "{4B7265D9-924D-4268-B4B6-694F7814B01D}"
EndProject
Project("{FAE04EC0-301F-11D3-BF4B-00C04F79EFBC}") = "Readifine", "Readifine\Readifine.csproj", "{AEA82B69-00A9-4A68-9E39-F7CAB7BF6D07}"
EndProject
Project("{FAE04EC0-301F-11D3-BF4B-00C04F79EFBC}") = "ReadifineCRX", "ReadifineCRX\ReadifineCRX.csproj", "{9D141603-1A9D-4EEC-82D8-C473EA436839}"
EndProject
Project("{E24C65DC-7377-472B-9ABA-BC803B73C61A}") = "Readefine", "..\..\WebSites\Readefine\", "{2BF9A1F7-6F86-4B05-9458-BECD0C28CD3E}"
	ProjectSection(WebsiteProperties) = preProject
		TargetFrameworkMoniker = ".NETFramework,Version%3Dv4.5.2"
		ProjectReferences = "{4b7265d9-924d-4268-b4b6-694f7814b01d}|AISmartReaderLibrary.dll;{D65CE07F-45EE-4C52-94EF-8FB44DF4AEAA}|WordNetPlugin.dll;"
		Debug.AspNetCompiler.VirtualPath = "/localhost_51543"
		Debug.AspNetCompiler.PhysicalPath = "..\..\WebSites\Readefine\"
		Debug.AspNetCompiler.TargetPath = "PrecompiledWeb\localhost_51543\"
		Debug.AspNetCompiler.Updateable = "true"
		Debug.AspNetCompiler.ForceOverwrite = "true"
		Debug.AspNetCompiler.FixedNames = "false"
		Debug.AspNetCompiler.Debug = "True"
		Release.AspNetCompiler.VirtualPath = "/localhost_51543"
		Release.AspNetCompiler.PhysicalPath = "..\..\WebSites\Readefine\"
		Release.AspNetCompiler.TargetPath = "PrecompiledWeb\localhost_51543\"
		Release.AspNetCompiler.Updateable = "true"
		Release.AspNetCompiler.ForceOverwrite = "true"
		Release.AspNetCompiler.FixedNames = "false"
		Release.AspNetCompiler.Debug = "False"
		VWDPort = "51543"
		SlnRelativePath = "..\..\WebSites\Readefine\"
		DefaultWebSiteLanguage = "Visual C#"
	EndProjectSection
EndProject
Global
	GlobalSection(SolutionConfigurationPlatforms) = preSolution
		Debug|Any CPU = Debug|Any CPU
		Debug|ARM = Debug|ARM
		Debug|x64 = Debug|x64
		Debug|x86 = Debug|x86
		Release|Any CPU = Release|Any CPU
		Release|ARM = Release|ARM
		Release|x64 = Release|x64
		Release|x86 = Release|x86
	EndGlobalSection
	GlobalSection(ProjectConfigurationPlatforms) = postSolution
		{5EB0590F-89E5-46E2-B6CE-59D52271D00C}.Debug|Any CPU.ActiveCfg = Debug|Any CPU
		{5EB0590F-89E5-46E2-B6CE-59D52271D00C}.Debug|ARM.ActiveCfg = Debug|Any CPU
		{5EB0590F-89E5-46E2-B6CE-59D52271D00C}.Debug|x64.ActiveCfg = Debug|Any CPU
		{5EB0590F-89E5-46E2-B6CE-59D52271D00C}.Debug|x86.ActiveCfg = Debug|Any CPU
		{5EB0590F-89E5-46E2-B6CE-59D52271D00C}.Release|Any CPU.ActiveCfg = Release|Any CPU
		{5EB0590F-89E5-46E2-B6CE-59D52271D00C}.Release|ARM.ActiveCfg = Release|Any CPU
		{5EB0590F-89E5-46E2-B6CE-59D52271D00C}.Release|x64.ActiveCfg = Release|Any CPU
		{5EB0590F-89E5-46E2-B6CE-59D52271D00C}.Release|x86.ActiveCfg = Release|Any CPU
		{D65CE07F-45EE-4C52-94EF-8FB44DF4AEAA}.Debug|Any CPU.ActiveCfg = Debug|Any CPU
		{D65CE07F-45EE-4C52-94EF-8FB44DF4AEAA}.Debug|Any CPU.Build.0 = Debug|Any CPU
		{D65CE07F-45EE-4C52-94EF-8FB44DF4AEAA}.Debug|ARM.ActiveCfg = Debug|Any CPU
		{D65CE07F-45EE-4C52-94EF-8FB44DF4AEAA}.Debug|ARM.Build.0 = Debug|Any CPU
		{D65CE07F-45EE-4C52-94EF-8FB44DF4AEAA}.Debug|x64.ActiveCfg = Debug|Any CPU
		{D65CE07F-45EE-4C52-94EF-8FB44DF4AEAA}.Debug|x64.Build.0 = Debug|Any CPU
		{D65CE07F-45EE-4C52-94EF-8FB44DF4AEAA}.Debug|x86.ActiveCfg = Debug|Any CPU
		{D65CE07F-45EE-4C52-94EF-8FB44DF4AEAA}.Debug|x86.Build.0 = Debug|Any CPU
		{D65CE07F-45EE-4C52-94EF-8FB44DF4AEAA}.Release|Any CPU.ActiveCfg = Release|Any CPU
		{D65CE07F-45EE-4C52-94EF-8FB44DF4AEAA}.Release|Any CPU.Build.0 = Release|Any CPU
		{D65CE07F-45EE-4C52-94EF-8FB44DF4AEAA}.Release|ARM.ActiveCfg = Release|Any CPU
		{D65CE07F-45EE-4C52-94EF-8FB44DF4AEAA}.Release|ARM.Build.0 = Release|Any CPU
		{D65CE07F-45EE-4C52-94EF-8FB44DF4AEAA}.Release|x64.ActiveCfg = Release|Any CPU
		{D65CE07F-45EE-4C52-94EF-8FB44DF4AEAA}.Release|x64.Build.0 = Release|Any CPU
		{D65CE07F-45EE-4C52-94EF-8FB44DF4AEAA}.Release|x86.ActiveCfg = Release|Any CPU
		{D65CE07F-45EE-4C52-94EF-8FB44DF4AEAA}.Release|x86.Build.0 = Release|Any CPU
		{8FAAA8D6-E48A-4A48-BB7C-E044B9C18A3D}.Debug|Any CPU.ActiveCfg = Debug|Any CPU
		{8FAAA8D6-E48A-4A48-BB7C-E044B9C18A3D}.Debug|Any CPU.Build.0 = Debug|Any CPU
		{8FAAA8D6-E48A-4A48-BB7C-E044B9C18A3D}.Debug|ARM.ActiveCfg = Debug|Any CPU
		{8FAAA8D6-E48A-4A48-BB7C-E044B9C18A3D}.Debug|ARM.Build.0 = Debug|Any CPU
		{8FAAA8D6-E48A-4A48-BB7C-E044B9C18A3D}.Debug|x64.ActiveCfg = Debug|Any CPU
		{8FAAA8D6-E48A-4A48-BB7C-E044B9C18A3D}.Debug|x64.Build.0 = Debug|Any CPU
		{8FAAA8D6-E48A-4A48-BB7C-E044B9C18A3D}.Debug|x86.ActiveCfg = Debug|Any CPU
		{8FAAA8D6-E48A-4A48-BB7C-E044B9C18A3D}.Debug|x86.Build.0 = Debug|Any CPU
		{8FAAA8D6-E48A-4A48-BB7C-E044B9C18A3D}.Release|Any CPU.ActiveCfg = Release|Any CPU
		{8FAAA8D6-E48A-4A48-BB7C-E044B9C18A3D}.Release|Any CPU.Build.0 = Release|Any CPU
		{8FAAA8D6-E48A-4A48-BB7C-E044B9C18A3D}.Release|ARM.ActiveCfg = Release|Any CPU
		{8FAAA8D6-E48A-4A48-BB7C-E044B9C18A3D}.Release|ARM.Build.0 = Release|Any CPU
		{8FAAA8D6-E48A-4A48-BB7C-E044B9C18A3D}.Release|x64.ActiveCfg = Release|Any CPU
		{8FAAA8D6-E48A-4A48-BB7C-E044B9C18A3D}.Release|x64.Build.0 = Release|Any CPU
		{8FAAA8D6-E48A-4A48-BB7C-E044B9C18A3D}.Release|x86.ActiveCfg = Release|Any CPU
		{8FAAA8D6-E48A-4A48-BB7C-E044B9C18A3D}.Release|x86.Build.0 = Release|Any CPU
		{7301D29C-0C43-4648-A169-C6DF1339EE1C}.Debug|Any CPU.ActiveCfg = Debug|Any CPU
		{7301D29C-0C43-4648-A169-C6DF1339EE1C}.Debug|Any CPU.Build.0 = Debug|Any CPU
		{7301D29C-0C43-4648-A169-C6DF1339EE1C}.Debug|ARM.ActiveCfg = Debug|Any CPU
		{7301D29C-0C43-4648-A169-C6DF1339EE1C}.Debug|ARM.Build.0 = Debug|Any CPU
		{7301D29C-0C43-4648-A169-C6DF1339EE1C}.Debug|x64.ActiveCfg = Debug|Any CPU
		{7301D29C-0C43-4648-A169-C6DF1339EE1C}.Debug|x64.Build.0 = Debug|Any CPU
		{7301D29C-0C43-4648-A169-C6DF1339EE1C}.Debug|x86.ActiveCfg = Debug|Any CPU
		{7301D29C-0C43-4648-A169-C6DF1339EE1C}.Debug|x86.Build.0 = Debug|Any CPU
		{7301D29C-0C43-4648-A169-C6DF1339EE1C}.Release|Any CPU.ActiveCfg = Release|Any CPU
		{7301D29C-0C43-4648-A169-C6DF1339EE1C}.Release|Any CPU.Build.0 = Release|Any CPU
		{7301D29C-0C43-4648-A169-C6DF1339EE1C}.Release|ARM.ActiveCfg = Release|Any CPU
		{7301D29C-0C43-4648-A169-C6DF1339EE1C}.Release|ARM.Build.0 = Release|Any CPU
		{7301D29C-0C43-4648-A169-C6DF1339EE1C}.Release|x64.ActiveCfg = Release|Any CPU
		{7301D29C-0C43-4648-A169-C6DF1339EE1C}.Release|x64.Build.0 = Release|Any CPU
		{7301D29C-0C43-4648-A169-C6DF1339EE1C}.Release|x86.ActiveCfg = Release|Any CPU
		{7301D29C-0C43-4648-A169-C6DF1339EE1C}.Release|x86.Build.0 = Release|Any CPU
		{4B7265D9-924D-4268-B4B6-694F7814B01D}.Debug|Any CPU.ActiveCfg = Debug|Any CPU
		{4B7265D9-924D-4268-B4B6-694F7814B01D}.Debug|Any CPU.Build.0 = Debug|Any CPU
		{4B7265D9-924D-4268-B4B6-694F7814B01D}.Debug|ARM.ActiveCfg = Debug|Any CPU
		{4B7265D9-924D-4268-B4B6-694F7814B01D}.Debug|ARM.Build.0 = Debug|Any CPU
		{4B7265D9-924D-4268-B4B6-694F7814B01D}.Debug|x64.ActiveCfg = Debug|Any CPU
		{4B7265D9-924D-4268-B4B6-694F7814B01D}.Debug|x64.Build.0 = Debug|Any CPU
		{4B7265D9-924D-4268-B4B6-694F7814B01D}.Debug|x86.ActiveCfg = Debug|Any CPU
		{4B7265D9-924D-4268-B4B6-694F7814B01D}.Debug|x86.Build.0 = Debug|Any CPU
		{4B7265D9-924D-4268-B4B6-694F7814B01D}.Release|Any CPU.ActiveCfg = Release|Any CPU
		{4B7265D9-924D-4268-B4B6-694F7814B01D}.Release|Any CPU.Build.0 = Release|Any CPU
		{4B7265D9-924D-4268-B4B6-694F7814B01D}.Release|ARM.ActiveCfg = Release|Any CPU
		{4B7265D9-924D-4268-B4B6-694F7814B01D}.Release|ARM.Build.0 = Release|Any CPU
		{4B7265D9-924D-4268-B4B6-694F7814B01D}.Release|x64.ActiveCfg = Release|Any CPU
		{4B7265D9-924D-4268-B4B6-694F7814B01D}.Release|x64.Build.0 = Release|Any CPU
		{4B7265D9-924D-4268-B4B6-694F7814B01D}.Release|x86.ActiveCfg = Release|Any CPU
		{4B7265D9-924D-4268-B4B6-694F7814B01D}.Release|x86.Build.0 = Release|Any CPU
		{AEA82B69-00A9-4A68-9E39-F7CAB7BF6D07}.Debug|Any CPU.ActiveCfg = Debug|Any CPU
		{AEA82B69-00A9-4A68-9E39-F7CAB7BF6D07}.Debug|Any CPU.Build.0 = Debug|Any CPU
		{AEA82B69-00A9-4A68-9E39-F7CAB7BF6D07}.Debug|ARM.ActiveCfg = Debug|Any CPU
		{AEA82B69-00A9-4A68-9E39-F7CAB7BF6D07}.Debug|ARM.Build.0 = Debug|Any CPU
		{AEA82B69-00A9-4A68-9E39-F7CAB7BF6D07}.Debug|x64.ActiveCfg = Debug|Any CPU
		{AEA82B69-00A9-4A68-9E39-F7CAB7BF6D07}.Debug|x64.Build.0 = Debug|Any CPU
		{AEA82B69-00A9-4A68-9E39-F7CAB7BF6D07}.Debug|x86.ActiveCfg = Debug|Any CPU
		{AEA82B69-00A9-4A68-9E39-F7CAB7BF6D07}.Debug|x86.Build.0 = Debug|Any CPU
		{AEA82B69-00A9-4A68-9E39-F7CAB7BF6D07}.Release|Any CPU.ActiveCfg = Release|Any CPU
		{AEA82B69-00A9-4A68-9E39-F7CAB7BF6D07}.Release|Any CPU.Build.0 = Release|Any CPU
		{AEA82B69-00A9-4A68-9E39-F7CAB7BF6D07}.Release|ARM.ActiveCfg = Release|Any CPU
		{AEA82B69-00A9-4A68-9E39-F7CAB7BF6D07}.Release|ARM.Build.0 = Release|Any CPU
		{AEA82B69-00A9-4A68-9E39-F7CAB7BF6D07}.Release|x64.ActiveCfg = Release|Any CPU
		{AEA82B69-00A9-4A68-9E39-F7CAB7BF6D07}.Release|x64.Build.0 = Release|Any CPU
		{AEA82B69-00A9-4A68-9E39-F7CAB7BF6D07}.Release|x86.ActiveCfg = Release|Any CPU
		{AEA82B69-00A9-4A68-9E39-F7CAB7BF6D07}.Release|x86.Build.0 = Release|Any CPU
		{9D141603-1A9D-4EEC-82D8-C473EA436839}.Debug|Any CPU.ActiveCfg = Debug|Any CPU
		{9D141603-1A9D-4EEC-82D8-C473EA436839}.Debug|Any CPU.Build.0 = Debug|Any CPU
		{9D141603-1A9D-4EEC-82D8-C473EA436839}.Debug|ARM.ActiveCfg = Debug|Any CPU
		{9D141603-1A9D-4EEC-82D8-C473EA436839}.Debug|ARM.Build.0 = Debug|Any CPU
		{9D141603-1A9D-4EEC-82D8-C473EA436839}.Debug|x64.ActiveCfg = Debug|Any CPU
		{9D141603-1A9D-4EEC-82D8-C473EA436839}.Debug|x64.Build.0 = Debug|Any CPU
		{9D141603-1A9D-4EEC-82D8-C473EA436839}.Debug|x86.ActiveCfg = Debug|Any CPU
		{9D141603-1A9D-4EEC-82D8-C473EA436839}.Debug|x86.Build.0 = Debug|Any CPU
		{9D141603-1A9D-4EEC-82D8-C473EA436839}.Release|Any CPU.ActiveCfg = Release|Any CPU
		{9D141603-1A9D-4EEC-82D8-C473EA436839}.Release|Any CPU.Build.0 = Release|Any CPU
		{9D141603-1A9D-4EEC-82D8-C473EA436839}.Release|ARM.ActiveCfg = Release|Any CPU
		{9D141603-1A9D-4EEC-82D8-C473EA436839}.Release|ARM.Build.0 = Release|Any CPU
		{9D141603-1A9D-4EEC-82D8-C473EA436839}.Release|x64.ActiveCfg = Release|Any CPU
		{9D141603-1A9D-4EEC-82D8-C473EA436839}.Release|x64.Build.0 = Release|Any CPU
		{9D141603-1A9D-4EEC-82D8-C473EA436839}.Release|x86.ActiveCfg = Release|Any CPU
		{9D141603-1A9D-4EEC-82D8-C473EA436839}.Release|x86.Build.0 = Release|Any CPU
		{2BF9A1F7-6F86-4B05-9458-BECD0C28CD3E}.Debug|Any CPU.ActiveCfg = Debug|Any CPU
		{2BF9A1F7-6F86-4B05-9458-BECD0C28CD3E}.Debug|Any CPU.Build.0 = Debug|Any CPU
		{2BF9A1F7-6F86-4B05-9458-BECD0C28CD3E}.Debug|ARM.ActiveCfg = Debug|Any CPU
		{2BF9A1F7-6F86-4B05-9458-BECD0C28CD3E}.Debug|ARM.Build.0 = Debug|Any CPU
		{2BF9A1F7-6F86-4B05-9458-BECD0C28CD3E}.Debug|x64.ActiveCfg = Debug|Any CPU
		{2BF9A1F7-6F86-4B05-9458-BECD0C28CD3E}.Debug|x64.Build.0 = Debug|Any CPU
		{2BF9A1F7-6F86-4B05-9458-BECD0C28CD3E}.Debug|x86.ActiveCfg = Debug|Any CPU
		{2BF9A1F7-6F86-4B05-9458-BECD0C28CD3E}.Debug|x86.Build.0 = Debug|Any CPU
		{2BF9A1F7-6F86-4B05-9458-BECD0C28CD3E}.Release|Any CPU.ActiveCfg = Debug|Any CPU
		{2BF9A1F7-6F86-4B05-9458-BECD0C28CD3E}.Release|Any CPU.Build.0 = Debug|Any CPU
		{2BF9A1F7-6F86-4B05-9458-BECD0C28CD3E}.Release|ARM.ActiveCfg = Debug|Any CPU
		{2BF9A1F7-6F86-4B05-9458-BECD0C28CD3E}.Release|ARM.Build.0 = Debug|Any CPU
		{2BF9A1F7-6F86-4B05-9458-BECD0C28CD3E}.Release|x64.ActiveCfg = Debug|Any CPU
		{2BF9A1F7-6F86-4B05-9458-BECD0C28CD3E}.Release|x64.Build.0 = Debug|Any CPU
		{2BF9A1F7-6F86-4B05-9458-BECD0C28CD3E}.Release|x86.ActiveCfg = Debug|Any CPU
		{2BF9A1F7-6F86-4B05-9458-BECD0C28CD3E}.Release|x86.Build.0 = Debug|Any CPU
	EndGlobalSection
	GlobalSection(SolutionProperties) = preSolution
		HideSolutionNode = FALSE
	EndGlobalSection
EndGlobal
